// !$*UTF8*$!
{
	archiveVersion = 1;
	classes = {
	};
	objectVersion = 46;
	objects = {

/* Begin PBXBuildFile section */
		A9EF9C661E70962C006AA6A7 /* AppDelegate.swift in Sources */ = {isa = PBXBuildFile; fileRef = A9EF9C651E70962C006AA6A7 /* AppDelegate.swift */; };
		A9EF9C681E70962C006AA6A7 /* ViewController.swift in Sources */ = {isa = PBXBuildFile; fileRef = A9EF9C671E70962C006AA6A7 /* ViewController.swift */; };
		A9EF9C6B1E70962C006AA6A7 /* Main.storyboard in Resources */ = {isa = PBXBuildFile; fileRef = A9EF9C691E70962C006AA6A7 /* Main.storyboard */; };
		A9EF9C6D1E70962C006AA6A7 /* Assets.xcassets in Resources */ = {isa = PBXBuildFile; fileRef = A9EF9C6C1E70962C006AA6A7 /* Assets.xcassets */; };
		A9EF9C701E70962C006AA6A7 /* LaunchScreen.storyboard in Resources */ = {isa = PBXBuildFile; fileRef = A9EF9C6E1E70962C006AA6A7 /* LaunchScreen.storyboard */; };
		A9EF9C7B1E70962C006AA6A7 /* TipCalTests.swift in Sources */ = {isa = PBXBuildFile; fileRef = A9EF9C7A1E70962C006AA6A7 /* TipCalTests.swift */; };
		A9EF9C861E70962C006AA6A7 /* TipCalUITests.swift in Sources */ = {isa = PBXBuildFile; fileRef = A9EF9C851E70962C006AA6A7 /* TipCalUITests.swift */; };
		A9EF9C941E725FD2006AA6A7 /* SettingsViewController.swift in Sources */ = {isa = PBXBuildFile; fileRef = A9EF9C931E725FD2006AA6A7 /* SettingsViewController.swift */; };
/* End PBXBuildFile section */

/* Begin PBXContainerItemProxy section */
		A9EF9C771E70962C006AA6A7 /* PBXContainerItemProxy */ = {
			isa = PBXContainerItemProxy;
			containerPortal = A9EF9C5A1E70962C006AA6A7 /* Project object */;
			proxyType = 1;
			remoteGlobalIDString = A9EF9C611E70962C006AA6A7;
			remoteInfo = TipCal;
		};
		A9EF9C821E70962C006AA6A7 /* PBXContainerItemProxy */ = {
			isa = PBXContainerItemProxy;
			containerPortal = A9EF9C5A1E70962C006AA6A7 /* Project object */;
			proxyType = 1;
			remoteGlobalIDString = A9EF9C611E70962C006AA6A7;
			remoteInfo = TipCal;
		};
/* End PBXContainerItemProxy section */

/* Begin PBXFileReference section */
		A9EF9C621E70962C006AA6A7 /* TipCal.app */ = {isa = PBXFileReference; explicitFileType = wrapper.application; includeInIndex = 0; path = TipCal.app; sourceTree = BUILT_PRODUCTS_DIR; };
		A9EF9C651E70962C006AA6A7 /* AppDelegate.swift */ = {isa = PBXFileReference; lastKnownFileType = sourcecode.swift; path = AppDelegate.swift; sourceTree = "<group>"; };
		A9EF9C671E70962C006AA6A7 /* ViewController.swift */ = {isa = PBXFileReference; lastKnownFileType = sourcecode.swift; path = ViewController.swift; sourceTree = "<group>"; };
		A9EF9C6A1E70962C006AA6A7 /* Base */ = {isa = PBXFileReference; lastKnownFileType = file.storyboard; name = Base; path = Base.lproj/Main.storyboard; sourceTree = "<group>"; };
		A9EF9C6C1E70962C006AA6A7 /* Assets.xcassets */ = {isa = PBXFileReference; lastKnownFileType = folder.assetcatalog; path = Assets.xcassets; sourceTree = "<group>"; };
		A9EF9C6F1E70962C006AA6A7 /* Base */ = {isa = PBXFileReference; lastKnownFileType = file.storyboard; name = Base; path = Base.lproj/LaunchScreen.storyboard; sourceTree = "<group>"; };
		A9EF9C711E70962C006AA6A7 /* Info.plist */ = {isa = PBXFileReference; lastKnownFileType = text.plist.xml; path = Info.plist; sourceTree = "<group>"; };
		A9EF9C761E70962C006AA6A7 /* TipCalTests.xctest */ = {isa = PBXFileReference; explicitFileType = wrapper.cfbundle; includeInIndex = 0; path = TipCalTests.xctest; sourceTree = BUILT_PRODUCTS_DIR; };
		A9EF9C7A1E70962C006AA6A7 /* TipCalTests.swift */ = {isa = PBXFileReference; lastKnownFileType = sourcecode.swift; path = TipCalTests.swift; sourceTree = "<group>"; };
		A9EF9C7C1E70962C006AA6A7 /* Info.plist */ = {isa = PBXFileReference; lastKnownFileType = text.plist.xml; path = Info.plist; sourceTree = "<group>"; };
		A9EF9C811E70962C006AA6A7 /* TipCalUITests.xctest */ = {isa = PBXFileReference; explicitFileType = wrapper.cfbundle; includeInIndex = 0; path = TipCalUITests.xctest; sourceTree = BUILT_PRODUCTS_DIR; };
		A9EF9C851E70962C006AA6A7 /* TipCalUITests.swift */ = {isa = PBXFileReference; lastKnownFileType = sourcecode.swift; path = TipCalUITests.swift; sourceTree = "<group>"; };
		A9EF9C871E70962C006AA6A7 /* Info.plist */ = {isa = PBXFileReference; lastKnownFileType = text.plist.xml; path = Info.plist; sourceTree = "<group>"; };
		A9EF9C931E725FD2006AA6A7 /* SettingsViewController.swift */ = {isa = PBXFileReference; fileEncoding = 4; lastKnownFileType = sourcecode.swift; name = SettingsViewController.swift; path = ../SettingsViewController.swift; sourceTree = "<group>"; };
/* End PBXFileReference section */

/* Begin PBXFrameworksBuildPhase section */
		A9EF9C5F1E70962C006AA6A7 /* Frameworks */ = {
			isa = PBXFrameworksBuildPhase;
			buildActionMask = 2147483647;
			files = (
			);
			runOnlyForDeploymentPostprocessing = 0;
		};
		A9EF9C731E70962C006AA6A7 /* Frameworks */ = {
			isa = PBXFrameworksBuildPhase;
			buildActionMask = 2147483647;
			files = (
			);
			runOnlyForDeploymentPostprocessing = 0;
		};
		A9EF9C7E1E70962C006AA6A7 /* Frameworks */ = {
			isa = PBXFrameworksBuildPhase;
			buildActionMask = 2147483647;
			files = (
			);
			runOnlyForDeploymentPostprocessing = 0;
		};
/* End PBXFrameworksBuildPhase section */

/* Begin PBXGroup section */
		A9EF9C591E70962C006AA6A7 = {
			isa = PBXGroup;
			children = (
				A9EF9C641E70962C006AA6A7 /* TipCal */,
				A9EF9C791E70962C006AA6A7 /* TipCalTests */,
				A9EF9C841E70962C006AA6A7 /* TipCalUITests */,
				A9EF9C631E70962C006AA6A7 /* Products */,
			);
			sourceTree = "<group>";
		};
		A9EF9C631E70962C006AA6A7 /* Products */ = {
			isa = PBXGroup;
			children = (
				A9EF9C621E70962C006AA6A7 /* TipCal.app */,
				A9EF9C761E70962C006AA6A7 /* TipCalTests.xctest */,
				A9EF9C811E70962C006AA6A7 /* TipCalUITests.xctest */,
			);
			name = Products;
			sourceTree = "<group>";
		};
		A9EF9C641E70962C006AA6A7 /* TipCal */ = {
			isa = PBXGroup;
			children = (
				A9EF9C651E70962C006AA6A7 /* AppDelegate.swift */,
				A9EF9C671E70962C006AA6A7 /* ViewController.swift */,
				A9EF9C931E725FD2006AA6A7 /* SettingsViewController.swift */,
				A9EF9C691E70962C006AA6A7 /* Main.storyboard */,
				A9EF9C6C1E70962C006AA6A7 /* Assets.xcassets */,
				A9EF9C6E1E70962C006AA6A7 /* LaunchScreen.storyboard */,
				A9EF9C711E70962C006AA6A7 /* Info.plist */,
			);
			path = TipCal;
			sourceTree = "<group>";
		};
		A9EF9C791E70962C006AA6A7 /* TipCalTests */ = {
			isa = PBXGroup;
			children = (
				A9EF9C7A1E70962C006AA6A7 /* TipCalTests.swift */,
				A9EF9C7C1E70962C006AA6A7 /* Info.plist */,
			);
			path = TipCalTests;
			sourceTree = "<group>";
		};
		A9EF9C841E70962C006AA6A7 /* TipCalUITests */ = {
			isa = PBXGroup;
			children = (
				A9EF9C851E70962C006AA6A7 /* TipCalUITests.swift */,
				A9EF9C871E70962C006AA6A7 /* Info.plist */,
			);
			path = TipCalUITests;
			sourceTree = "<group>";
		};
/* End PBXGroup section */

/* Begin PBXNativeTarget section */
		A9EF9C611E70962C006AA6A7 /* TipCal */ = {
			isa = PBXNativeTarget;
			buildConfigurationList = A9EF9C8A1E70962C006AA6A7 /* Build configuration list for PBXNativeTarget "TipCal" */;
			buildPhases = (
				A9EF9C5E1E70962C006AA6A7 /* Sources */,
				A9EF9C5F1E70962C006AA6A7 /* Frameworks */,
				A9EF9C601E70962C006AA6A7 /* Resources */,
			);
			buildRules = (
			);
			dependencies = (
			);
			name = TipCal;
			productName = TipCal;
			productReference = A9EF9C621E70962C006AA6A7 /* TipCal.app */;
			productType = "com.apple.product-type.application";
		};
		A9EF9C751E70962C006AA6A7 /* TipCalTests */ = {
			isa = PBXNativeTarget;
			buildConfigurationList = A9EF9C8D1E70962C006AA6A7 /* Build configuration list for PBXNativeTarget "TipCalTests" */;
			buildPhases = (
				A9EF9C721E70962C006AA6A7 /* Sources */,
				A9EF9C731E70962C006AA6A7 /* Frameworks */,
				A9EF9C741E70962C006AA6A7 /* Resources */,
			);
			buildRules = (
			);
			dependencies = (
				A9EF9C781E70962C006AA6A7 /* PBXTargetDependency */,
			);
			name = TipCalTests;
			productName = TipCalTests;
			productReference = A9EF9C761E70962C006AA6A7 /* TipCalTests.xctest */;
			productType = "com.apple.product-type.bundle.unit-test";
		};
		A9EF9C801E70962C006AA6A7 /* TipCalUITests */ = {
			isa = PBXNativeTarget;
			buildConfigurationList = A9EF9C901E70962C006AA6A7 /* Build configuration list for PBXNativeTarget "TipCalUITests" */;
			buildPhases = (
				A9EF9C7D1E70962C006AA6A7 /* Sources */,
				A9EF9C7E1E70962C006AA6A7 /* Frameworks */,
				A9EF9C7F1E70962C006AA6A7 /* Resources */,
			);
			buildRules = (
			);
			dependencies = (
				A9EF9C831E70962C006AA6A7 /* PBXTargetDependency */,
			);
			name = TipCalUITests;
			productName = TipCalUITests;
			productReference = A9EF9C811E70962C006AA6A7 /* TipCalUITests.xctest */;
			productType = "com.apple.product-type.bundle.ui-testing";
		};
/* End PBXNativeTarget section */

/* Begin PBXProject section */
		A9EF9C5A1E70962C006AA6A7 /* Project object */ = {
			isa = PBXProject;
			attributes = {
				LastSwiftUpdateCheck = 0820;
				LastUpgradeCheck = 0820;
				ORGANIZATIONNAME = "Pujita Ravada";
				TargetAttributes = {
					A9EF9C611E70962C006AA6A7 = {
						CreatedOnToolsVersion = 8.2.1;
						ProvisioningStyle = Automatic;
					};
					A9EF9C751E70962C006AA6A7 = {
						CreatedOnToolsVersion = 8.2.1;
						ProvisioningStyle = Automatic;
						TestTargetID = A9EF9C611E70962C006AA6A7;
					};
					A9EF9C801E70962C006AA6A7 = {
						CreatedOnToolsVersion = 8.2.1;
						ProvisioningStyle = Automatic;
						TestTargetID = A9EF9C611E70962C006AA6A7;
					};
				};
			};
			buildConfigurationList = A9EF9C5D1E70962C006AA6A7 /* Build configuration list for PBXProject "TipCal" */;
			compatibilityVersion = "Xcode 3.2";
			developmentRegion = English;
			hasScannedForEncodings = 0;
			knownRegions = (
				en,
				Base,
			);
			mainGroup = A9EF9C591E70962C006AA6A7;
			productRefGroup = A9EF9C631E70962C006AA6A7 /* Products */;
			projectDirPath = "";
			projectRoot = "";
			targets = (
				A9EF9C611E70962C006AA6A7 /* TipCal */,
				A9EF9C751E70962C006AA6A7 /* TipCalTests */,
				A9EF9C801E70962C006AA6A7 /* TipCalUITests */,
			);
		};
/* End PBXProject section */

/* Begin PBXResourcesBuildPhase section */
		A9EF9C601E70962C006AA6A7 /* Resources */ = {
			isa = PBXResourcesBuildPhase;
			buildActionMask = 2147483647;
			files = (
				A9EF9C701E70962C006AA6A7 /* LaunchScreen.storyboard in Resources */,
				A9EF9C6D1E70962C006AA6A7 /* Assets.xcassets in Resources */,
				A9EF9C6B1E70962C006AA6A7 /* Main.storyboard in Resources */,
			);
			runOnlyForDeploymentPostprocessing = 0;
		};
		A9EF9C741E70962C006AA6A7 /* Resources */ = {
			isa = PBXResourcesBuildPhase;
			buildActionMask = 2147483647;
			files = (
			);
			runOnlyForDeploymentPostprocessing = 0;
		};
		A9EF9C7F1E70962C006AA6A7 /* Resources */ = {
			isa = PBXResourcesBuildPhase;
			buildActionMask = 2147483647;
			files = (
			);
			runOnlyForDeploymentPostprocessing = 0;
		};
/* End PBXResourcesBuildPhase section */

/* Begin PBXSourcesBuildPhase section */
		A9EF9C5E1E70962C006AA6A7 /* Sources */ = {
			isa = PBXSourcesBuildPhase;
			buildActionMask = 2147483647;
			files = (
				A9EF9C681E70962C006AA6A7 /* ViewController.swift in Sources */,
				A9EF9C661E70962C006AA6A7 /* AppDelegate.swift in Sources */,
				A9EF9C941E725FD2006AA6A7 /* SettingsViewController.swift in Sources */,
			);
			runOnlyForDeploymentPostprocessing = 0;
		};
		A9EF9C721E70962C006AA6A7 /* Sources */ = {
			isa = PBXSourcesBuildPhase;
			buildActionMask = 2147483647;
			files = (
				A9EF9C7B1E70962C006AA6A7 /* TipCalTests.swift in Sources */,
			);
			runOnlyForDeploymentPostprocessing = 0;
		};
		A9EF9C7D1E70962C006AA6A7 /* Sources */ = {
			isa = PBXSourcesBuildPhase;
			buildActionMask = 2147483647;
			files = (
				A9EF9C861E70962C006AA6A7 /* TipCalUITests.swift in Sources */,
			);
			runOnlyForDeploymentPostprocessing = 0;
		};
/* End PBXSourcesBuildPhase section */

/* Begin PBXTargetDependency section */
		A9EF9C781E70962C006AA6A7 /* PBXTargetDependency */ = {
			isa = PBXTargetDependency;
			target = A9EF9C611E70962C006AA6A7 /* TipCal */;
			targetProxy = A9EF9C771E70962C006AA6A7 /* PBXContainerItemProxy */;
		};
		A9EF9C831E70962C006AA6A7 /* PBXTargetDependency */ = {
			isa = PBXTargetDependency;
			target = A9EF9C611E70962C006AA6A7 /* TipCal */;
			targetProxy = A9EF9C821E70962C006AA6A7 /* PBXContainerItemProxy */;
		};
/* End PBXTargetDependency section */

/* Begin PBXVariantGroup section */
		A9EF9C691E70962C006AA6A7 /* Main.storyboard */ = {
			isa = PBXVariantGroup;
			children = (
				A9EF9C6A1E70962C006AA6A7 /* Base */,
			);
			name = Main.storyboard;
			sourceTree = "<group>";
		};
		A9EF9C6E1E70962C006AA6A7 /* LaunchScreen.storyboard */ = {
			isa = PBXVariantGroup;
			children = (
				A9EF9C6F1E70962C006AA6A7 /* Base */,
			);
			name = LaunchScreen.storyboard;
			sourceTree = "<group>";
		};
/* End PBXVariantGroup section */

/* Begin XCBuildConfiguration section */
		A9EF9C881E70962C006AA6A7 /* Debug */ = {
			isa = XCBuildConfiguration;
			buildSettings = {
				ALWAYS_SEARCH_USER_PATHS = NO;
				CLANG_ANALYZER_NONNULL = YES;
				CLANG_CXX_LANGUAGE_STANDARD = "gnu++0x";
				CLANG_CXX_LIBRARY = "libc++";
				CLANG_ENABLE_MODULES = YES;
				CLANG_ENABLE_OBJC_ARC = YES;
				CLANG_WARN_BOOL_CONVERSION = YES;
				CLANG_WARN_CONSTANT_CONVERSION = YES;
				CLANG_WARN_DIRECT_OBJC_ISA_USAGE = YES_ERROR;
				CLANG_WARN_DOCUMENTATION_COMMENTS = YES;
				CLANG_WARN_EMPTY_BODY = YES;
				CLANG_WARN_ENUM_CONVERSION = YES;
				CLANG_WARN_INFINITE_RECURSION = YES;
				CLANG_WARN_INT_CONVERSION = YES;
				CLANG_WARN_OBJC_ROOT_CLASS = YES_ERROR;
				CLANG_WARN_SUSPICIOUS_MOVE = YES;
				CLANG_WARN_UNREACHABLE_CODE = YES;
				CLANG_WARN__DUPLICATE_METHOD_MATCH = YES;
				"CODE_SIGN_IDENTITY[sdk=iphoneos*]" = "iPhone Developer";
				COPY_PHASE_STRIP = NO;
				DEBUG_INFORMATION_FORMAT = dwarf;
				ENABLE_STRICT_OBJC_MSGSEND = YES;
				ENABLE_TESTABILITY = YES;
				GCC_C_LANGUAGE_STANDARD = gnu99;
				GCC_DYNAMIC_NO_PIC = NO;
				GCC_NO_COMMON_BLOCKS = YES;
				GCC_OPTIMIZATION_LEVEL = 0;
				GCC_PREPROCESSOR_DEFINITIONS = (
					"DEBUG=1",
					"$(inherited)",
				);
				GCC_WARN_64_TO_32_BIT_CONVERSION = YES;
				GCC_WARN_ABOUT_RETURN_TYPE = YES_ERROR;
				GCC_WARN_UNDECLARED_SELECTOR = YES;
				GCC_WARN_UNINITIALIZED_AUTOS = YES_AGGRESSIVE;
				GCC_WARN_UNUSED_FUNCTION = YES;
				GCC_WARN_UNUSED_VARIABLE = YES;
				IPHONEOS_DEPLOYMENT_TARGET = 10.2;
				MTL_ENABLE_DEBUG_INFO = YES;
				ONLY_ACTIVE_ARCH = YES;
				SDKROOT = iphoneos;
				SWIFT_ACTIVE_COMPILATION_CONDITIONS = DEBUG;
				SWIFT_OPTIMIZATION_LEVEL = "-Onone";
			};
			name = Debug;
		};
		A9EF9C891E70962C006AA6A7 /* Release */ = {
			isa = XCBuildConfiguration;
			buildSettings = {
				ALWAYS_SEARCH_USER_PATHS = NO;
				CLANG_ANALYZER_NONNULL = YES;
				CLANG_CXX_LANGUAGE_STANDARD = "gnu++0x";
				CLANG_CXX_LIBRARY = "libc++";
				CLANG_ENABLE_MODULES = YES;
				CLANG_ENABLE_OBJC_ARC = YES;
				CLANG_WARN_BOOL_CONVERSION = YES;
				CLANG_WARN_CONSTANT_CONVERSION = YES;
				CLANG_WARN_DIRECT_OBJC_ISA_USAGE = YES_ERROR;
				CLANG_WARN_DOCUMENTATION_COMMENTS = YES;
				CLANG_WARN_EMPTY_BODY = YES;
				CLANG_WARN_ENUM_CONVERSION = YES;
				CLANG_WARN_INFINITE_RECURSION = YES;
				CLANG_WARN_INT_CONVERSION = YES;
				CLANG_WARN_OBJC_ROOT_CLASS = YES_ERROR;
				CLANG_WARN_SUSPICIOUS_MOVE = YES;
				CLANG_WARN_UNREACHABLE_CODE = YES;
				CLANG_WARN__DUPLICATE_METHOD_MATCH = YES;
				"CODE_SIGN_IDENTITY[sdk=iphoneos*]" = "iPhone Developer";
				COPY_PHASE_STRIP = NO;
				DEBUG_INFORMATION_FORMAT = "dwarf-with-dsym";
				ENABLE_NS_ASSERTIONS = NO;
				ENABLE_STRICT_OBJC_MSGSEND = YES;
				GCC_C_LANGUAGE_STANDARD = gnu99;
				GCC_NO_COMMON_BLOCKS = YES;
				GCC_WARN_64_TO_32_BIT_CONVERSION = YES;
				GCC_WARN_ABOUT_RETURN_TYPE = YES_ERROR;
				GCC_WARN_UNDECLARED_SELECTOR = YES;
				GCC_WARN_UNINITIALIZED_AUTOS = YES_AGGRESSIVE;
				GCC_WARN_UNUSED_FUNCTION = YES;
				GCC_WARN_UNUSED_VARIABLE = YES;
				IPHONEOS_DEPLOYMENT_TARGET = 10.2;
				MTL_ENABLE_DEBUG_INFO = NO;
				SDKROOT = iphoneos;
				SWIFT_OPTIMIZATION_LEVEL = "-Owholemodule";
				VALIDATE_PRODUCT = YES;
			};
			name = Release;
		};
		A9EF9C8B1E70962C006AA6A7 /* Debug */ = {
			isa = XCBuildConfiguration;
			buildSettings = {
				ASSETCATALOG_COMPILER_APPICON_NAME = AppIcon;
				INFOPLIST_FILE = TipCal/Info.plist;
				LD_RUNPATH_SEARCH_PATHS = "$(inherited) @executable_path/Frameworks";
				PRODUCT_BUNDLE_IDENTIFIER = "Pujita-Ravada.TipCal";
				PRODUCT_NAME = "$(TARGET_NAME)";
				SWIFT_VERSION = 3.0;
			};
			name = Debug;
		};
		A9EF9C8C1E70962C006AA6A7 /* Release */ = {
			isa = XCBuildConfiguration;
			buildSettings = {
				ASSETCATALOG_COMPILER_APPICON_NAME = AppIcon;
				INFOPLIST_FILE = TipCal/Info.plist;
				LD_RUNPATH_SEARCH_PATHS = "$(inherited) @executable_path/Frameworks";
				PRODUCT_BUNDLE_IDENTIFIER = "Pujita-Ravada.TipCal";
				PRODUCT_NAME = "$(TARGET_NAME)";
				SWIFT_VERSION = 3.0;
			};
			name = Release;
		};
		A9EF9C8E1E70962C006AA6A7 /* Debug */ = {
			isa = XCBuildConfiguration;
			buildSettings = {
				ALWAYS_EMBED_SWIFT_STANDARD_LIBRARIES = YES;
				BUNDLE_LOADER = "$(TEST_HOST)";
				INFOPLIST_FILE = TipCalTests/Info.plist;
				LD_RUNPATH_SEARCH_PATHS = "$(inherited) @executable_path/Frameworks @loader_path/Frameworks";
				PRODUCT_BUNDLE_IDENTIFIER = "Pujita-Ravada.TipCalTests";
				PRODUCT_NAME = "$(TARGET_NAME)";
				SWIFT_VERSION = 3.0;
				TEST_HOST = "$(BUILT_PRODUCTS_DIR)/TipCal.app/TipCal";
			};
			name = Debug;
		};
		A9EF9C8F1E70962C006AA6A7 /* Release */ = {
			isa = XCBuildConfiguration;
			buildSettings = {
				ALWAYS_EMBED_SWIFT_STANDARD_LIBRARIES = YES;
				BUNDLE_LOADER = "$(TEST_HOST)";
				INFOPLIST_FILE = TipCalTests/Info.plist;
				LD_RUNPATH_SEARCH_PATHS = "$(inherited) @executable_path/Frameworks @loader_path/Frameworks";
				PRODUCT_BUNDLE_IDENTIFIER = "Pujita-Ravada.TipCalTests";
				PRODUCT_NAME = "$(TARGET_NAME)";
				SWIFT_VERSION = 3.0;
				TEST_HOST = "$(BUILT_PRODUCTS_DIR)/TipCal.app/TipCal";
			};
			name = Release;
		};
		A9EF9C911E70962C006AA6A7 /* Debug */ = {
			isa = XCBuildConfiguration;
			buildSettings = {
				ALWAYS_EMBED_SWIFT_STANDARD_LIBRARIES = YES;
				INFOPLIST_FILE = TipCalUITests/Info.plist;
				LD_RUNPATH_SEARCH_PATHS = "$(inherited) @executable_path/Frameworks @loader_path/Frameworks";
				PRODUCT_BUNDLE_IDENTIFIER = "Pujita-Ravada.TipCalUITests";
				PRODUCT_NAME = "$(TARGET_NAME)";
				SWIFT_VERSION = 3.0;
				TEST_TARGET_NAME = TipCal;
			};
			name = Debug;
		};
		A9EF9C921E70962C006AA6A7 /* Release */ = {
			isa = XCBuildConfiguration;
			buildSettings = {
				ALWAYS_EMBED_SWIFT_STANDARD_LIBRARIES = YES;
				INFOPLIST_FILE = TipCalUITests/Info.plist;
				LD_RUNPATH_SEARCH_PATHS = "$(inherited) @executable_path/Frameworks @loader_path/Frameworks";
				PRODUCT_BUNDLE_IDENTIFIER = "Pujita-Ravada.TipCalUITests";
				PRODUCT_NAME = "$(TARGET_NAME)";
				SWIFT_VERSION = 3.0;
				TEST_TARGET_NAME = TipCal;
			};
			name = Release;
		};
/* End XCBuildConfiguration section */

/* Begin XCConfigurationList section */
		A9EF9C5D1E70962C006AA6A7 /* Build configuration list for PBXProject "TipCal" */ = {
			isa = XCConfigurationList;
			buildConfigurations = (
				A9EF9C881E70962C006AA6A7 /* Debug */,
				A9EF9C891E70962C006AA6A7 /* Release */,
			);
			defaultConfigurationIsVisible = 0;
			defaultConfigurationName = Release;
		};
		A9EF9C8A1E70962C006AA6A7 /* Build configuration list for PBXNativeTarget "TipCal" */ = {
			isa = XCConfigurationList;
			buildConfigurations = (
				A9EF9C8B1E70962C006AA6A7 /* Debug */,
				A9EF9C8C1E70962C006AA6A7 /* Release */,
			);
			defaultConfigurationIsVisible = 0;
			defaultConfigurationName = Release;
		};
		A9EF9C8D1E70962C006AA6A7 /* Build configuration list for PBXNativeTarget "TipCalTests" */ = {
			isa = XCConfigurationList;
			buildConfigurations = (
				A9EF9C8E1E70962C006AA6A7 /* Debug */,
				A9EF9C8F1E70962C006AA6A7 /* Release */,
			);
			defaultConfigurationIsVisible = 0;
			defaultConfigurationName = Release;
		};
		A9EF9C901E70962C006AA6A7 /* Build configuration list for PBXNativeTarget "TipCalUITests" */ = {
			isa = XCConfigurationList;
			buildConfigurations = (
				A9EF9C911E70962C006AA6A7 /* Debug */,
				A9EF9C921E70962C006AA6A7 /* Release */,
			);
			defaultConfigurationIsVisible = 0;
			defaultConfigurationName = Release;
		};
/* End XCConfigurationList section */
	};
	rootObject = A9EF9C5A1E70962C006AA6A7 /* Project object */;
}
